
Microsoft Visual Studio Solution File, Format Version 12.00
# Visual Studio 14
VisualStudioVersion = 14.0.25420.1
MinimumVisualStudioVersion = 10.0.40219.1
Project("{FAE04EC0-301F-11D3-BF4B-00C04F79EFBC}") = "DataCaptureExtraction", "DataCaptureExtraction\DataCaptureExtraction.csproj", "{B57F6CE8-00E3-453E-BFF5-37E626F2E45F}"
EndProject
Project("{FAE04EC0-301F-11D3-BF4B-00C04F79EFBC}") = "EmailProcessing", "EmailProcessing\EmailProcessing.csproj", "{EA9CF5BA-BF82-4425-848C-1A30A9B5D3CD}"
EndProject
Project("{FAE04EC0-301F-11D3-BF4B-00C04F79EFBC}") = "WebProcessing", "WebProcessing\WebProcessing.csproj", "{04B395DE-3733-4784-AC26-D56401CAB988}"
EndProject
Global
	GlobalSection(SolutionConfigurationPlatforms) = preSolution
		Debug|Any CPU = Debug|Any CPU
		Release|Any CPU = Release|Any CPU
	EndGlobalSection
	GlobalSection(ProjectConfigurationPlatforms) = postSolution
		{B57F6CE8-00E3-453E-BFF5-37E626F2E45F}.Debug|Any CPU.ActiveCfg = Debug|Any CPU
		{B57F6CE8-00E3-453E-BFF5-37E626F2E45F}.Debug|Any CPU.Build.0 = Debug|Any CPU
		{B57F6CE8-00E3-453E-BFF5-37E626F2E45F}.Release|Any CPU.ActiveCfg = Release|Any CPU
		{B57F6CE8-00E3-453E-BFF5-37E626F2E45F}.Release|Any CPU.Build.0 = Release|Any CPU
		{EA9CF5BA-BF82-4425-848C-1A30A9B5D3CD}.Debug|Any CPU.ActiveCfg = Debug|Any CPU
		{EA9CF5BA-BF82-4425-848C-1A30A9B5D3CD}.Debug|Any CPU.Build.0 = Debug|Any CPU
		{EA9CF5BA-BF82-4425-848C-1A30A9B5D3CD}.Release|Any CPU.ActiveCfg = Release|Any CPU
		{EA9CF5BA-BF82-4425-848C-1A30A9B5D3CD}.Release|Any CPU.Build.0 = Release|Any CPU
		{04B395DE-3733-4784-AC26-D56401CAB988}.Debug|Any CPU.ActiveCfg = Debug|Any CPU
		{04B395DE-3733-4784-AC26-D56401CAB988}.Debug|Any CPU.Build.0 = Debug|Any CPU
		{04B395DE-3733-4784-AC26-D56401CAB988}.Release|Any CPU.ActiveCfg = Release|Any CPU
		{04B395DE-3733-4784-AC26-D56401CAB988}.Release|Any CPU.Build.0 = Release|Any CPU
	EndGlobalSection
	GlobalSection(SolutionProperties) = preSolution
		HideSolutionNode = FALSE
	EndGlobalSection
EndGlobal
